
Microsoft Visual Studio Solution File, Format Version 12.00
# Visual Studio Version 17
VisualStudioVersion = 17.8.34511.84
MinimumVisualStudioVersion = 10.0.40219.1
Project("{FAE04EC0-301F-11D3-BF4B-00C04F79EFBC}") = "ModelDataUsingViewData", "ModelDataUsingViewData\ModelDataUsingViewData.csproj", "{1EC2DA30-7CB3-4D8A-B98F-1F7CFC8A3037}"
EndProject
Global
	GlobalSection(SolutionConfigurationPlatforms) = preSolution
		Debug|Any CPU = Debug|Any CPU
		Release|Any CPU = Release|Any CPU
	EndGlobalSection
	GlobalSection(ProjectConfigurationPlatforms) = postSolution
		{1EC2DA30-7CB3-4D8A-B98F-1F7CFC8A3037}.Debug|Any CPU.ActiveCfg = Debug|Any CPU
		{1EC2DA30-7CB3-4D8A-B98F-1F7CFC8A3037}.Debug|Any CPU.Build.0 = Debug|Any CPU
		{1EC2DA30-7CB3-4D8A-B98F-1F7CFC8A3037}.Release|Any CPU.ActiveCfg = Release|Any CPU
		{1EC2DA30-7CB3-4D8A-B98F-1F7CFC8A3037}.Release|Any CPU.Build.0 = Release|Any CPU
	EndGlobalSection
	GlobalSection(SolutionProperties) = preSolution
		HideSolutionNode = FALSE
	EndGlobalSection
	GlobalSection(ExtensibilityGlobals) = postSolution
		SolutionGuid = {AEB620D4-89D0-4494-826D-A9D5E89CC25A}
	EndGlobalSection
EndGlobal
